
Microsoft Visual Studio Solution File, Format Version 12.00
# Visual Studio Version 16
VisualStudioVersion = 16.0.30907.101
MinimumVisualStudioVersion = 10.0.40219.1
Project("{9A19103F-16F7-4668-BE54-9A1E7A4F7556}") = "CDM.WEB", "CDM.WEB.csproj", "{E51F368B-ADDB-48A0-BFBD-F7B71A5E7704}"
EndProject
Project("{E53339B2-1760-4266-BCC7-CA923CBCF16C}") = "docker-compose", "docker-compose.dcproj", "{BD5C10B0-C2E0-4EE0-BA1E-0125AB58AE25}"
EndProject
Global
	GlobalSection(SolutionConfigurationPlatforms) = preSolution
		Debug|Any CPU = Debug|Any CPU
		Release|Any CPU = Release|Any CPU
	EndGlobalSection
	GlobalSection(ProjectConfigurationPlatforms) = postSolution
		{E51F368B-ADDB-48A0-BFBD-F7B71A5E7704}.Debug|Any CPU.ActiveCfg = Debug|Any CPU
		{E51F368B-ADDB-48A0-BFBD-F7B71A5E7704}.Debug|Any CPU.Build.0 = Debug|Any CPU
		{E51F368B-ADDB-48A0-BFBD-F7B71A5E7704}.Release|Any CPU.ActiveCfg = Release|Any CPU
		{E51F368B-ADDB-48A0-BFBD-F7B71A5E7704}.Release|Any CPU.Build.0 = Release|Any CPU
		{BD5C10B0-C2E0-4EE0-BA1E-0125AB58AE25}.Debug|Any CPU.ActiveCfg = Debug|Any CPU
		{BD5C10B0-C2E0-4EE0-BA1E-0125AB58AE25}.Debug|Any CPU.Build.0 = Debug|Any CPU
		{BD5C10B0-C2E0-4EE0-BA1E-0125AB58AE25}.Release|Any CPU.ActiveCfg = Release|Any CPU
		{BD5C10B0-C2E0-4EE0-BA1E-0125AB58AE25}.Release|Any CPU.Build.0 = Release|Any CPU
	EndGlobalSection
	GlobalSection(SolutionProperties) = preSolution
		HideSolutionNode = FALSE
	EndGlobalSection
	GlobalSection(ExtensibilityGlobals) = postSolution
		SolutionGuid = {F5A380A7-EC45-4E6E-A3E0-FFE3FEE0C0FE}
	EndGlobalSection
EndGlobal
